{
  "nodes": {
    "nixpkgs": {
      "locked": {
        "lastModified": 1676375384,
        "narHash": "sha256-6HI3jZiuJX+KLz05cocYy2mBAWlISEKHU84ftYfxHZ8=",
        "owner": "NixOS",
        "repo": "nixpkgs",
        "rev": "c43f676c938662072772339be6269226c77b51b8",
        "type": "github"
      },
      "original": {
        "owner": "NixOS",
        "ref": "nixos-22.11",
        "repo": "nixpkgs",
        "type": "github"
      }
    },
    "root": {
      "inputs": {
        "nixpkgs": "nixpkgs"
      }
    }
  },
  "root": "root",
  "version": 7
}
